// !$*UTF8*$!
{
	archiveVersion = 1;
	classes = {
	};
	objectVersion = 46;
	objects = {

/* Begin PBXBuildFile section */
		4A4D8471173102D200CC0B46 /* UIKit.framework in Frameworks */ = {isa = PBXBuildFile; fileRef = 4A4D8470173102D200CC0B46 /* UIKit.framework */; };
		4A4D8473173102D200CC0B46 /* Foundation.framework in Frameworks */ = {isa = PBXBuildFile; fileRef = 4A4D8472173102D200CC0B46 /* Foundation.framework */; };
		4A4D8475173102D200CC0B46 /* CoreGraphics.framework in Frameworks */ = {isa = PBXBuildFile; fileRef = 4A4D8474173102D200CC0B46 /* CoreGraphics.framework */; };
		4A4D847B173102D200CC0B46 /* InfoPlist.strings in Resources */ = {isa = PBXBuildFile; fileRef = 4A4D8479173102D200CC0B46 /* InfoPlist.strings */; };
		4A4D847D173102D200CC0B46 /* main.m in Sources */ = {isa = PBXBuildFile; fileRef = 4A4D847C173102D200CC0B46 /* main.m */; };
		4A4D8481173102D200CC0B46 /* AJKAppDelegate.m in Sources */ = {isa = PBXBuildFile; fileRef = 4A4D8480173102D200CC0B46 /* AJKAppDelegate.m */; };
		4A4D8483173102D200CC0B46 /* Default.png in Resources */ = {isa = PBXBuildFile; fileRef = 4A4D8482173102D200CC0B46 /* Default.png */; };
		4A4D8485173102D200CC0B46 /* Default@2x.png in Resources */ = {isa = PBXBuildFile; fileRef = 4A4D8484173102D200CC0B46 /* Default@2x.png */; };
		4A4D8487173102D200CC0B46 /* Default-568h@2x.png in Resources */ = {isa = PBXBuildFile; fileRef = 4A4D8486173102D200CC0B46 /* Default-568h@2x.png */; };
		4A4D848A173102D200CC0B46 /* AJKViewController.m in Sources */ = {isa = PBXBuildFile; fileRef = 4A4D8489173102D200CC0B46 /* AJKViewController.m */; };
		4A4D8490173102D200CC0B46 /* Root View.xib in Resources */ = {isa = PBXBuildFile; fileRef = 4A4D848E173102D200CC0B46 /* Root View.xib */; };
		4A4D84A51731038C00CC0B46 /* QuartzCore.framework in Frameworks */ = {isa = PBXBuildFile; fileRef = 4A4D84A41731038C00CC0B46 /* QuartzCore.framework */; };
		4A846579173104A400A099E8 /* SYMLAnimation.m in Sources */ = {isa = PBXBuildFile; fileRef = 4A846577173104A400A099E8 /* SYMLAnimation.m */; };
		4A84657E173104B900A099E8 /* SYMLPopover.m in Sources */ = {isa = PBXBuildFile; fileRef = 4A84657B173104B900A099E8 /* SYMLPopover.m */; };
		4A84657F173104B900A099E8 /* SYMLPopoverView.m in Sources */ = {isa = PBXBuildFile; fileRef = 4A84657D173104B900A099E8 /* SYMLPopoverView.m */; };
		4A8465821731057100A099E8 /* Content View.xib in Resources */ = {isa = PBXBuildFile; fileRef = 4A8465801731057100A099E8 /* Content View.xib */; };
		4A846585173107EF00A099E8 /* UIView+ConstraintAdditions.m in Sources */ = {isa = PBXBuildFile; fileRef = 4A846584173107EF00A099E8 /* UIView+ConstraintAdditions.m */; };
/* End PBXBuildFile section */

/* Begin PBXFileReference section */
		4A4D846D173102D200CC0B46 /* Popover Example.app */ = {isa = PBXFileReference; explicitFileType = wrapper.application; includeInIndex = 0; path = "Popover Example.app"; sourceTree = BUILT_PRODUCTS_DIR; };
		4A4D8470173102D200CC0B46 /* UIKit.framework */ = {isa = PBXFileReference; lastKnownFileType = wrapper.framework; name = UIKit.framework; path = System/Library/Frameworks/UIKit.framework; sourceTree = SDKROOT; };
		4A4D8472173102D200CC0B46 /* Foundation.framework */ = {isa = PBXFileReference; lastKnownFileType = wrapper.framework; name = Foundation.framework; path = System/Library/Frameworks/Foundation.framework; sourceTree = SDKROOT; };
		4A4D8474173102D200CC0B46 /* CoreGraphics.framework */ = {isa = PBXFileReference; lastKnownFileType = wrapper.framework; name = CoreGraphics.framework; path = System/Library/Frameworks/CoreGraphics.framework; sourceTree = SDKROOT; };
		4A4D8478173102D200CC0B46 /* Popover Example-Info.plist */ = {isa = PBXFileReference; lastKnownFileType = text.plist.xml; path = "Popover Example-Info.plist"; sourceTree = "<group>"; };
		4A4D847A173102D200CC0B46 /* en */ = {isa = PBXFileReference; lastKnownFileType = text.plist.strings; name = en; path = en.lproj/InfoPlist.strings; sourceTree = "<group>"; };
		4A4D847C173102D200CC0B46 /* main.m */ = {isa = PBXFileReference; lastKnownFileType = sourcecode.c.objc; path = main.m; sourceTree = "<group>"; };
		4A4D847E173102D200CC0B46 /* Popover Example-Prefix.pch */ = {isa = PBXFileReference; lastKnownFileType = sourcecode.c.h; path = "Popover Example-Prefix.pch"; sourceTree = "<group>"; };
		4A4D847F173102D200CC0B46 /* AJKAppDelegate.h */ = {isa = PBXFileReference; lastKnownFileType = sourcecode.c.h; path = AJKAppDelegate.h; sourceTree = "<group>"; };
		4A4D8480173102D200CC0B46 /* AJKAppDelegate.m */ = {isa = PBXFileReference; lastKnownFileType = sourcecode.c.objc; path = AJKAppDelegate.m; sourceTree = "<group>"; };
		4A4D8482173102D200CC0B46 /* Default.png */ = {isa = PBXFileReference; lastKnownFileType = image.png; path = Default.png; sourceTree = "<group>"; };
		4A4D8484173102D200CC0B46 /* Default@2x.png */ = {isa = PBXFileReference; lastKnownFileType = image.png; path = "Default@2x.png"; sourceTree = "<group>"; };
		4A4D8486173102D200CC0B46 /* Default-568h@2x.png */ = {isa = PBXFileReference; lastKnownFileType = image.png; path = "Default-568h@2x.png"; sourceTree = "<group>"; };
		4A4D8488173102D200CC0B46 /* AJKViewController.h */ = {isa = PBXFileReference; lastKnownFileType = sourcecode.c.h; path = AJKViewController.h; sourceTree = "<group>"; };
		4A4D8489173102D200CC0B46 /* AJKViewController.m */ = {isa = PBXFileReference; lastKnownFileType = sourcecode.c.objc; path = AJKViewController.m; sourceTree = "<group>"; };
		4A4D848F173102D200CC0B46 /* en */ = {isa = PBXFileReference; lastKnownFileType = file.xib; name = en; path = "en.lproj/Root View.xib"; sourceTree = "<group>"; };
		4A4D84A41731038C00CC0B46 /* QuartzCore.framework */ = {isa = PBXFileReference; lastKnownFileType = wrapper.framework; name = QuartzCore.framework; path = System/Library/Frameworks/QuartzCore.framework; sourceTree = SDKROOT; };
		4A846576173104A400A099E8 /* SYMLAnimation.h */ = {isa = PBXFileReference; fileEncoding = 4; lastKnownFileType = sourcecode.c.h; name = SYMLAnimation.h; path = SYMLFoundation/iOS/Classes/SYMLAnimation.h; sourceTree = "<group>"; };
		4A846577173104A400A099E8 /* SYMLAnimation.m */ = {isa = PBXFileReference; fileEncoding = 4; lastKnownFileType = sourcecode.c.objc; name = SYMLAnimation.m; path = SYMLFoundation/iOS/Classes/SYMLAnimation.m; sourceTree = "<group>"; };
		4A84657A173104B900A099E8 /* SYMLPopover.h */ = {isa = PBXFileReference; fileEncoding = 4; lastKnownFileType = sourcecode.c.h; name = SYMLPopover.h; path = SYMLFoundation/iOS/Popover/SYMLPopover.h; sourceTree = "<group>"; };
		4A84657B173104B900A099E8 /* SYMLPopover.m */ = {isa = PBXFileReference; fileEncoding = 4; lastKnownFileType = sourcecode.c.objc; name = SYMLPopover.m; path = SYMLFoundation/iOS/Popover/SYMLPopover.m; sourceTree = "<group>"; };
		4A84657C173104B900A099E8 /* SYMLPopoverView.h */ = {isa = PBXFileReference; fileEncoding = 4; lastKnownFileType = sourcecode.c.h; name = SYMLPopoverView.h; path = SYMLFoundation/iOS/Popover/SYMLPopoverView.h; sourceTree = "<group>"; };
		4A84657D173104B900A099E8 /* SYMLPopoverView.m */ = {isa = PBXFileReference; fileEncoding = 4; lastKnownFileType = sourcecode.c.objc; name = SYMLPopoverView.m; path = SYMLFoundation/iOS/Popover/SYMLPopoverView.m; sourceTree = "<group>"; };
		4A8465811731057100A099E8 /* en */ = {isa = PBXFileReference; lastKnownFileType = file.xib; name = en; path = "en.lproj/Content View.xib"; sourceTree = "<group>"; };
		4A846583173107EF00A099E8 /* UIView+ConstraintAdditions.h */ = {isa = PBXFileReference; fileEncoding = 4; lastKnownFileType = sourcecode.c.h; name = "UIView+ConstraintAdditions.h"; path = "SYMLFoundation/iOS/Categories/UIView+ConstraintAdditions.h"; sourceTree = "<group>"; };
		4A846584173107EF00A099E8 /* UIView+ConstraintAdditions.m */ = {isa = PBXFileReference; fileEncoding = 4; lastKnownFileType = sourcecode.c.objc; name = "UIView+ConstraintAdditions.m"; path = "SYMLFoundation/iOS/Categories/UIView+ConstraintAdditions.m"; sourceTree = "<group>"; };
/* End PBXFileReference section */

/* Begin PBXFrameworksBuildPhase section */
		4A4D846A173102D200CC0B46 /* Frameworks */ = {
			isa = PBXFrameworksBuildPhase;
			buildActionMask = 2147483647;
			files = (
				4A4D8471173102D200CC0B46 /* UIKit.framework in Frameworks */,
				4A4D8473173102D200CC0B46 /* Foundation.framework in Frameworks */,
				4A4D8475173102D200CC0B46 /* CoreGraphics.framework in Frameworks */,
				4A4D84A51731038C00CC0B46 /* QuartzCore.framework in Frameworks */,
			);
			runOnlyForDeploymentPostprocessing = 0;
		};
/* End PBXFrameworksBuildPhase section */

/* Begin PBXGroup section */
		4A4D8464173102D200CC0B46 = {
			isa = PBXGroup;
			children = (
				4A4D84961731030D00CC0B46 /* Popover Source */,
				4A4D8476173102D200CC0B46 /* Popover Example */,
				4A4D846F173102D200CC0B46 /* Frameworks */,
				4A4D846E173102D200CC0B46 /* Products */,
			);
			sourceTree = "<group>";
		};
		4A4D846E173102D200CC0B46 /* Products */ = {
			isa = PBXGroup;
			children = (
				4A4D846D173102D200CC0B46 /* Popover Example.app */,
			);
			name = Products;
			sourceTree = "<group>";
		};
		4A4D846F173102D200CC0B46 /* Frameworks */ = {
			isa = PBXGroup;
			children = (
				4A4D8470173102D200CC0B46 /* UIKit.framework */,
				4A4D8472173102D200CC0B46 /* Foundation.framework */,
				4A4D8474173102D200CC0B46 /* CoreGraphics.framework */,
				4A4D84A41731038C00CC0B46 /* QuartzCore.framework */,
			);
			name = Frameworks;
			sourceTree = "<group>";
		};
		4A4D8476173102D200CC0B46 /* Popover Example */ = {
			isa = PBXGroup;
			children = (
				4A4D847F173102D200CC0B46 /* AJKAppDelegate.h */,
				4A4D8480173102D200CC0B46 /* AJKAppDelegate.m */,
				4A4D8488173102D200CC0B46 /* AJKViewController.h */,
				4A4D8489173102D200CC0B46 /* AJKViewController.m */,
				4A4D848E173102D200CC0B46 /* Root View.xib */,
				4A8465801731057100A099E8 /* Content View.xib */,
				4A4D8477173102D200CC0B46 /* Supporting Files */,
			);
			path = "Popover Example";
			sourceTree = "<group>";
		};
		4A4D8477173102D200CC0B46 /* Supporting Files */ = {
			isa = PBXGroup;
			children = (
				4A4D8478173102D200CC0B46 /* Popover Example-Info.plist */,
				4A4D8479173102D200CC0B46 /* InfoPlist.strings */,
				4A4D847C173102D200CC0B46 /* main.m */,
				4A4D847E173102D200CC0B46 /* Popover Example-Prefix.pch */,
				4A4D8482173102D200CC0B46 /* Default.png */,
				4A4D8484173102D200CC0B46 /* Default@2x.png */,
				4A4D8486173102D200CC0B46 /* Default-568h@2x.png */,
			);
			name = "Supporting Files";
			sourceTree = "<group>";
		};
		4A4D84961731030D00CC0B46 /* Popover Source */ = {
			isa = PBXGroup;
			children = (
				4A84657A173104B900A099E8 /* SYMLPopover.h */,
				4A84657B173104B900A099E8 /* SYMLPopover.m */,
				4A84657C173104B900A099E8 /* SYMLPopoverView.h */,
				4A84657D173104B900A099E8 /* SYMLPopoverView.m */,
				4A846576173104A400A099E8 /* SYMLAnimation.h */,
				4A846577173104A400A099E8 /* SYMLAnimation.m */,
				4A846583173107EF00A099E8 /* UIView+ConstraintAdditions.h */,
				4A846584173107EF00A099E8 /* UIView+ConstraintAdditions.m */,
			);
			name = "Popover Source";
			sourceTree = "<group>";
		};
/* End PBXGroup section */

/* Begin PBXNativeTarget section */
		4A4D846C173102D200CC0B46 /* Popover Example */ = {
			isa = PBXNativeTarget;
			buildConfigurationList = 4A4D8493173102D200CC0B46 /* Build configuration list for PBXNativeTarget "Popover Example" */;
			buildPhases = (
				4A4D8469173102D200CC0B46 /* Sources */,
				4A4D846A173102D200CC0B46 /* Frameworks */,
				4A4D846B173102D200CC0B46 /* Resources */,
			);
			buildRules = (
			);
			dependencies = (
			);
			name = "Popover Example";
			productName = "Popover Example";
			productReference = 4A4D846D173102D200CC0B46 /* Popover Example.app */;
			productType = "com.apple.product-type.application";
		};
/* End PBXNativeTarget section */

/* Begin PBXProject section */
		4A4D8465173102D200CC0B46 /* Project object */ = {
			isa = PBXProject;
			attributes = {
				CLASSPREFIX = AJK;
				LastUpgradeCheck = 0460;
				ORGANIZATIONNAME = "Harry Jordan";
			};
			buildConfigurationList = 4A4D8468173102D200CC0B46 /* Build configuration list for PBXProject "Popover Example" */;
			compatibilityVersion = "Xcode 3.2";
			developmentRegion = English;
			hasScannedForEncodings = 0;
			knownRegions = (
				en,
			);
			mainGroup = 4A4D8464173102D200CC0B46;
			productRefGroup = 4A4D846E173102D200CC0B46 /* Products */;
			projectDirPath = "";
			projectRoot = "";
			targets = (
				4A4D846C173102D200CC0B46 /* Popover Example */,
			);
		};
/* End PBXProject section */

/* Begin PBXResourcesBuildPhase section */
		4A4D846B173102D200CC0B46 /* Resources */ = {
			isa = PBXResourcesBuildPhase;
			buildActionMask = 2147483647;
			files = (
				4A4D847B173102D200CC0B46 /* InfoPlist.strings in Resources */,
				4A4D8483173102D200CC0B46 /* Default.png in Resources */,
				4A4D8485173102D200CC0B46 /* Default@2x.png in Resources */,
				4A4D8487173102D200CC0B46 /* Default-568h@2x.png in Resources */,
				4A4D8490173102D200CC0B46 /* Root View.xib in Resources */,
				4A8465821731057100A099E8 /* Content View.xib in Resources */,
			);
			runOnlyForDeploymentPostprocessing = 0;
		};
/* End PBXResourcesBuildPhase section */

/* Begin PBXSourcesBuildPhase section */
		4A4D8469173102D200CC0B46 /* Sources */ = {
			isa = PBXSourcesBuildPhase;
			buildActionMask = 2147483647;
			files = (
				4A4D847D173102D200CC0B46 /* main.m in Sources */,
				4A4D8481173102D200CC0B46 /* AJKAppDelegate.m in Sources */,
				4A4D848A173102D200CC0B46 /* AJKViewController.m in Sources */,
				4A846579173104A400A099E8 /* SYMLAnimation.m in Sources */,
				4A84657E173104B900A099E8 /* SYMLPopover.m in Sources */,
				4A84657F173104B900A099E8 /* SYMLPopoverView.m in Sources */,
				4A846585173107EF00A099E8 /* UIView+ConstraintAdditions.m in Sources */,
			);
			runOnlyForDeploymentPostprocessing = 0;
		};
/* End PBXSourcesBuildPhase section */

/* Begin PBXVariantGroup section */
		4A4D8479173102D200CC0B46 /* InfoPlist.strings */ = {
			isa = PBXVariantGroup;
			children = (
				4A4D847A173102D200CC0B46 /* en */,
			);
			name = InfoPlist.strings;
			sourceTree = "<group>";
		};
		4A4D848E173102D200CC0B46 /* Root View.xib */ = {
			isa = PBXVariantGroup;
			children = (
				4A4D848F173102D200CC0B46 /* en */,
			);
			name = "Root View.xib";
			sourceTree = "<group>";
		};
		4A8465801731057100A099E8 /* Content View.xib */ = {
			isa = PBXVariantGroup;
			children = (
				4A8465811731057100A099E8 /* en */,
			);
			name = "Content View.xib";
			sourceTree = "<group>";
		};
/* End PBXVariantGroup section */

/* Begin XCBuildConfiguration section */
		4A4D8491173102D200CC0B46 /* Debug */ = {
			isa = XCBuildConfiguration;
			buildSettings = {
				ALWAYS_SEARCH_USER_PATHS = NO;
				CLANG_CXX_LANGUAGE_STANDARD = "gnu++0x";
				CLANG_CXX_LIBRARY = "libc++";
				CLANG_ENABLE_OBJC_ARC = YES;
				CLANG_WARN_CONSTANT_CONVERSION = YES;
				CLANG_WARN_EMPTY_BODY = YES;
				CLANG_WARN_ENUM_CONVERSION = YES;
				CLANG_WARN_INT_CONVERSION = YES;
				CLANG_WARN__DUPLICATE_METHOD_MATCH = YES;
				"CODE_SIGN_IDENTITY[sdk=iphoneos*]" = "iPhone Developer";
				COPY_PHASE_STRIP = NO;
				GCC_C_LANGUAGE_STANDARD = gnu99;
				GCC_DYNAMIC_NO_PIC = NO;
				GCC_OPTIMIZATION_LEVEL = 0;
				GCC_PREPROCESSOR_DEFINITIONS = (
					"DEBUG=1",
					"$(inherited)",
				);
				GCC_SYMBOLS_PRIVATE_EXTERN = NO;
				GCC_WARN_ABOUT_RETURN_TYPE = YES;
				GCC_WARN_UNINITIALIZED_AUTOS = YES;
				GCC_WARN_UNUSED_VARIABLE = YES;
				IPHONEOS_DEPLOYMENT_TARGET = 6.1;
				ONLY_ACTIVE_ARCH = YES;
				SDKROOT = iphoneos;
				TARGETED_DEVICE_FAMILY = "1,2";
			};
			name = Debug;
		};
		4A4D8492173102D200CC0B46 /* Release */ = {
			isa = XCBuildConfiguration;
			buildSettings = {
				ALWAYS_SEARCH_USER_PATHS = NO;
				CLANG_CXX_LANGUAGE_STANDARD = "gnu++0x";
				CLANG_CXX_LIBRARY = "libc++";
				CLANG_ENABLE_OBJC_ARC = YES;
				CLANG_WARN_CONSTANT_CONVERSION = YES;
				CLANG_WARN_EMPTY_BODY = YES;
				CLANG_WARN_ENUM_CONVERSION = YES;
				CLANG_WARN_INT_CONVERSION = YES;
				CLANG_WARN__DUPLICATE_METHOD_MATCH = YES;
				"CODE_SIGN_IDENTITY[sdk=iphoneos*]" = "iPhone Developer";
				COPY_PHASE_STRIP = YES;
				GCC_C_LANGUAGE_STANDARD = gnu99;
				GCC_WARN_ABOUT_RETURN_TYPE = YES;
				GCC_WARN_UNINITIALIZED_AUTOS = YES;
				GCC_WARN_UNUSED_VARIABLE = YES;
				IPHONEOS_DEPLOYMENT_TARGET = 6.1;
				OTHER_CFLAGS = "-DNS_BLOCK_ASSERTIONS=1";
				SDKROOT = iphoneos;
				TARGETED_DEVICE_FAMILY = "1,2";
				VALIDATE_PRODUCT = YES;
			};
			name = Release;
		};
		4A4D8494173102D200CC0B46 /* Debug */ = {
			isa = XCBuildConfiguration;
			buildSettings = {
				GCC_PRECOMPILE_PREFIX_HEADER = YES;
				GCC_PREFIX_HEADER = "Popover Example/Popover Example-Prefix.pch";
				INFOPLIST_FILE = "Popover Example/Popover Example-Info.plist";
				PRODUCT_NAME = "$(TARGET_NAME)";
				TARGETED_DEVICE_FAMILY = 2;
				WRAPPER_EXTENSION = app;
			};
			name = Debug;
		};
		4A4D8495173102D200CC0B46 /* Release */ = {
			isa = XCBuildConfiguration;
			buildSettings = {
				GCC_PRECOMPILE_PREFIX_HEADER = YES;
				GCC_PREFIX_HEADER = "Popover Example/Popover Example-Prefix.pch";
				INFOPLIST_FILE = "Popover Example/Popover Example-Info.plist";
				PRODUCT_NAME = "$(TARGET_NAME)";
				TARGETED_DEVICE_FAMILY = 2;
				WRAPPER_EXTENSION = app;
			};
			name = Release;
		};
/* End XCBuildConfiguration section */

/* Begin XCConfigurationList section */
		4A4D8468173102D200CC0B46 /* Build configuration list for PBXProject "Popover Example" */ = {
			isa = XCConfigurationList;
			buildConfigurations = (
				4A4D8491173102D200CC0B46 /* Debug */,
				4A4D8492173102D200CC0B46 /* Release */,
			);
			defaultConfigurationIsVisible = 0;
			defaultConfigurationName = Release;
		};
		4A4D8493173102D200CC0B46 /* Build configuration list for PBXNativeTarget "Popover Example" */ = {
			isa = XCConfigurationList;
			buildConfigurations = (
				4A4D8494173102D200CC0B46 /* Debug */,
				4A4D8495173102D200CC0B46 /* Release */,
			);
			defaultConfigurationIsVisible = 0;
			defaultConfigurationName = Release;
		};
/* End XCConfigurationList section */
	};
	rootObject = 4A4D8465173102D200CC0B46 /* Project object */;
}
